
Microsoft Visual Studio Solution File, Format Version 12.00
Project("{FAE04EC0-301F-11D3-BF4B-00C04F79EFBC}") = "web-1", "web-1\web-1.csproj", "{A564F623-DC58-49C4-89C0-BA0443501202}"
EndProject
Project("{FAE04EC0-301F-11D3-BF4B-00C04F79EFBC}") = "lab-2", "lab-2\lab-2.csproj", "{C0FEBF10-20E8-4422-AA82-7A4F9BBDF13F}"
EndProject
Global
	GlobalSection(SolutionConfigurationPlatforms) = preSolution
		Debug|Any CPU = Debug|Any CPU
		Release|Any CPU = Release|Any CPU
	EndGlobalSection
	GlobalSection(ProjectConfigurationPlatforms) = postSolution
		{A564F623-DC58-49C4-89C0-BA0443501202}.Debug|Any CPU.ActiveCfg = Debug|Any CPU
		{A564F623-DC58-49C4-89C0-BA0443501202}.Debug|Any CPU.Build.0 = Debug|Any CPU
		{A564F623-DC58-49C4-89C0-BA0443501202}.Release|Any CPU.ActiveCfg = Release|Any CPU
		{A564F623-DC58-49C4-89C0-BA0443501202}.Release|Any CPU.Build.0 = Release|Any CPU
		{C0FEBF10-20E8-4422-AA82-7A4F9BBDF13F}.Debug|Any CPU.ActiveCfg = Debug|Any CPU
		{C0FEBF10-20E8-4422-AA82-7A4F9BBDF13F}.Debug|Any CPU.Build.0 = Debug|Any CPU
		{C0FEBF10-20E8-4422-AA82-7A4F9BBDF13F}.Release|Any CPU.ActiveCfg = Release|Any CPU
		{C0FEBF10-20E8-4422-AA82-7A4F9BBDF13F}.Release|Any CPU.Build.0 = Release|Any CPU
	EndGlobalSection
EndGlobal
